<?xml version="1.0" encoding="utf-8"?>
<Project ToolsVersion="4.0" xmlns="http://schemas.microsoft.com/developer/msbuild/2003">
  <ItemGroup>
    <Filter Include="Header Files">
      <UniqueIdentifier>{93995380-89BD-4b04-88EB-625FBE52EBFB}</UniqueIdentifier>
      <Extensions>h;hpp;hxx;hm;inl;inc;xsd</Extensions>
    </Filter>
    <Filter Include="Source Code">
      <UniqueIdentifier>{104881e0-2031-4867-a8bb-287704e3af62}</UniqueIdentifier>
    </Filter>
  </ItemGroup>
  <ItemGroup>
    <ClCompile Include="InitShader.cpp">
      <Filter>Source Code</Filter>
    </ClCompile>
    <ClCompile Include="MatrixStack.cpp">
      <Filter>Source Code</Filter>
    </ClCompile>
    <ClCompile Include="main.cpp">
      <Filter>Source Code</Filter>
    </ClCompile>
    <ClCompile Include="object.cpp">
      <Filter>Source Code</Filter>
    </ClCompile>
    <ClCompile Include="Bird.cpp">
      <Filter>Source Code</Filter>
    </ClCompile>
  </ItemGroup>
  <ItemGroup>
    <None Include="shaders\pixelShader.glsl">
      <Filter>Source Code</Filter>
    </None>
    <None Include="shaders\vertexShader.glsl">
      <Filter>Source Code</Filter>
    </None>
  </ItemGroup>
  <ItemGroup>
    <ClInclude Include="include\InitShader.h">
      <Filter>Header Files</Filter>
    </ClInclude>
    <ClInclude Include="include\main.h">
      <Filter>Header Files</Filter>
    </ClInclude>
    <ClInclude Include="include\MatrixStack.h">
      <Filter>Header Files</Filter>
    </ClInclude>
    <ClInclude Include="include\object.h">
      <Filter>Header Files</Filter>
    </ClInclude>
    <ClInclude Include="include\Bird.h">
      <Filter>Header Files</Filter>
    </ClInclude>
  </ItemGroup>
</Project>